PODS:
  - Capacitor (7.5.0):
    - CapacitorCordova
  - CapacitorCordova (7.5.0)
  - CapacitorPicaNetworkLogger (0.1.0):
    - Capacitor

DEPENDENCIES:
  - "Capacitor (from `../../node_modules/@capacitor/ios`)"
  - "CapacitorCordova (from `../../node_modules/@capacitor/ios`)"
  - CapacitorPicaNetworkLogger (from `../../../..`)

EXTERNAL SOURCES:
  Capacitor:
    :path: "../../node_modules/@capacitor/ios"
  CapacitorCordova:
    :path: "../../node_modules/@capacitor/ios"
  CapacitorPicaNetworkLogger:
    :path: "../../../.."

SPEC CHECKSUMS:
  Capacitor: 0a78ec6b54580fa055c11744a4e83cd7942d98ca
  CapacitorCordova: ae35646a9b46cfd00d637f195509c86594026aad
  CapacitorPicaNetworkLogger: a6215f6fd2614d47991446b6206a090b05383d43

PODFILE CHECKSUM: 1301a3a0fd027b6dd7a0645ef3b1e8a2a962675a

COCOAPODS: 1.16.2
